# This file is generated by running "yarn install" inside your project.
# Manual changes might be lost - proceed with caution!

__metadata:
  version: 4
  cacheKey: 8

"@babel/runtime@npm:^7.12.0, @babel/runtime@npm:^7.13.10, @babel/runtime@npm:^7.5.5, @babel/runtime@npm:^7.8.7":
  version: 7.15.4
  resolution: "@babel/runtime@npm:7.15.4"
  dependencies:
    regenerator-runtime: ^0.13.4
  checksum: c40825430400e47c19b97e4142d5315d2910305b9714d44a711472587ee2fd4521fdba5f02ddd9df3902f5e988d9854fa83f4da1e0c091f70f6983fa52480606
  languageName: node
  linkType: hard

"@emotion/cache@npm:^11.4.0":
  version: 11.4.0
  resolution: "@emotion/cache@npm:11.4.0"
  dependencies:
    "@emotion/memoize": ^0.7.4
    "@emotion/sheet": ^1.0.0
    "@emotion/utils": ^1.0.0
    "@emotion/weak-memoize": ^0.2.5
    stylis: ^4.0.3
  checksum: bdef4c0ccc9bb87e99e4d48ff4855afe684035e9233a54bb339eb6aeafef35bd34fbed8ddb0d5ee440abd42c598043a87ebb0a324f2a1d732edf9c6b1709f9ed
  languageName: node
  linkType: hard

"@emotion/hash@npm:^0.8.0":
  version: 0.8.0
  resolution: "@emotion/hash@npm:0.8.0"
  checksum: 4b35d88a97e67275c1d990c96d3b0450451d089d1508619488fc0acb882cb1ac91e93246d471346ebd1b5402215941ef4162efe5b51534859b39d8b3a0e3ffaa
  languageName: node
  linkType: hard

"@emotion/memoize@npm:^0.7.4":
  version: 0.7.5
  resolution: "@emotion/memoize@npm:0.7.5"
  checksum: 83da8d4a7649a92c72f960817692bc6be13cc13e107b9f7e878d63766525ed4402881bfeb3cda61145c050281e7e260f114a0a2870515527346f2ef896b915b3
  languageName: node
  linkType: hard

"@emotion/react@npm:^11.1.1":
  version: 11.4.1
  resolution: "@emotion/react@npm:11.4.1"
  dependencies:
    "@babel/runtime": ^7.13.10
    "@emotion/cache": ^11.4.0
    "@emotion/serialize": ^1.0.2
    "@emotion/sheet": ^1.0.2
    "@emotion/utils": ^1.0.0
    "@emotion/weak-memoize": ^0.2.5
    hoist-non-react-statics: ^3.3.1
  peerDependencies:
    "@babel/core": ^7.0.0
    react: ">=16.8.0"
  peerDependenciesMeta:
    "@babel/core":
      optional: true
    "@types/react":
      optional: true
  checksum: de3c2150785567e68572ba42ab2fb28808c8522c7888eb54a22e19f3d981b59170d9e2e3db9445f25074d8d5e29c21da477450c7d5bbf9f2d168d759129aae8b
  languageName: node
  linkType: hard

"@emotion/serialize@npm:^1.0.2":
  version: 1.0.2
  resolution: "@emotion/serialize@npm:1.0.2"
  dependencies:
    "@emotion/hash": ^0.8.0
    "@emotion/memoize": ^0.7.4
    "@emotion/unitless": ^0.7.5
    "@emotion/utils": ^1.0.0
    csstype: ^3.0.2
  checksum: ff84fbe09ec06e7ad3deaef5c5b5ea6af6a522e8efe49c2b398b875d06872626284a83b6b18b7f777750c94264a61e7924157d869d9bca2f675731bbb91a6055
  languageName: node
  linkType: hard

"@emotion/sheet@npm:^1.0.0, @emotion/sheet@npm:^1.0.2":
  version: 1.0.2
  resolution: "@emotion/sheet@npm:1.0.2"
  checksum: 836b413c6657cd6a3de93c53eebd80ea9a6656123f1b78f539b2eaba145fb8566e3aa005b301f807632964f29f7c3cd85322dafb5634abdc1760794e0c7f76dd
  languageName: node
  linkType: hard

"@emotion/unitless@npm:^0.7.5":
  version: 0.7.5
  resolution: "@emotion/unitless@npm:0.7.5"
  checksum: f976e5345b53fae9414a7b2e7a949aa6b52f8bdbcc84458b1ddc0729e77ba1d1dfdff9960e0da60183877873d3a631fa24d9695dd714ed94bcd3ba5196586a6b
  languageName: node
  linkType: hard

"@emotion/utils@npm:^1.0.0":
  version: 1.0.0
  resolution: "@emotion/utils@npm:1.0.0"
  checksum: 3ce8048441a915447d9ef51eb6d1d4cbcce8c8d1647bc7a23333ce2fb2249e74cf9471670d6f49a716e93ff633c9e7a6633517698e17391aebfc40c9d0cabcc0
  languageName: node
  linkType: hard

"@emotion/weak-memoize@npm:^0.2.5":
  version: 0.2.5
  resolution: "@emotion/weak-memoize@npm:0.2.5"
  checksum: 27d402b0c683b94658220b6d47840346ee582329ca2a15ec9c233492e0f1a27687ccb233b76eedc922f2e185e444cc89f7b97a81a1d3e5ae9f075bab08e965ea
  languageName: node
  linkType: hard

"@types/prop-types@npm:*":
  version: 15.7.4
  resolution: "@types/prop-types@npm:15.7.4"
  checksum: ef6e1899e59b876c273811b1bd845022fc66d5a3d11cb38a25b6c566b30514ae38fe20a40f67622f362a4f4f7f9224e22d8da101cff3d6e97e11d7b4c307cfc1
  languageName: node
  linkType: hard

"@types/react-dom@npm:^17.0.9":
  version: 17.0.9
  resolution: "@types/react-dom@npm:17.0.9"
  dependencies:
    "@types/react": "*"
  checksum: b7e898e1a22643a371f58e801a3d1d8cf13a82d77063c24be73e840ef8d877ca1d04adc5db168d0dac3167dc050a26b1d70efc5fe8566a7f46a3c488a8322989
  languageName: node
  linkType: hard

"@types/react-transition-group@npm:^4.4.0":
  version: 4.4.3
  resolution: "@types/react-transition-group@npm:4.4.3"
  dependencies:
    "@types/react": "*"
  checksum: 7e45c6bf50cdfdc482d9ce4c302cda65134b3a44306c749d46d2f3256ca8c95cbbc1cbe28c32010b9273f5db78c8d434a8cea3688ac6e5327443b8a8d1c1caac
  languageName: node
  linkType: hard

"@types/react@npm:*, @types/react@npm:^17.0.30":
  version: 17.0.30
  resolution: "@types/react@npm:17.0.30"
  dependencies:
    "@types/prop-types": "*"
    "@types/scheduler": "*"
    csstype: ^3.0.2
  checksum: e3aaac1b8fda6e3622b75db0bd7d8dc412c2f2b77a00afdd32cae8c71fb0b1ca6926ab1fbe1c536dd51d96c0ba372738993837a8df1637637aaab7b86e421b7f
  languageName: node
  linkType: hard

"@types/scheduler@npm:*":
  version: 0.16.2
  resolution: "@types/scheduler@npm:0.16.2"
  checksum: b6b4dcfeae6deba2e06a70941860fb1435730576d3689225a421280b7742318d1548b3d22c1f66ab68e414f346a9542f29240bc955b6332c5b11e561077583bc
  languageName: node
  linkType: hard

"csstype@npm:^3.0.2":
  version: 3.0.9
  resolution: "csstype@npm:3.0.9"
  checksum: 199f9af7e673f9f188525c3102a329d637ff46c52f6385a4427ff5cb17adcb736189150170a7af7c5701d18d7704bdad130273f4aa7e44c6c4f9967e6115dc93
  languageName: node
  linkType: hard

"dom-helpers@npm:^5.0.1":
  version: 5.2.1
  resolution: "dom-helpers@npm:5.2.1"
  dependencies:
    "@babel/runtime": ^7.8.7
    csstype: ^3.0.2
  checksum: 863ba9e086f7093df3376b43e74ce4422571d404fc9828bf2c56140963d5edf0e56160f9b2f3bb61b282c07f8fc8134f023c98fd684bddcb12daf7b0f14d951c
  languageName: node
  linkType: hard

"hoist-non-react-statics@npm:^3.3.1":
  version: 3.3.2
  resolution: "hoist-non-react-statics@npm:3.3.2"
  dependencies:
    react-is: ^16.7.0
  checksum: b1538270429b13901ee586aa44f4cc3ecd8831c061d06cb8322e50ea17b3f5ce4d0e2e66394761e6c8e152cd8c34fb3b4b690116c6ce2bd45b18c746516cb9e8
  languageName: node
  linkType: hard

"js-tokens@npm:^3.0.0 || ^4.0.0":
  version: 4.0.0
  resolution: "js-tokens@npm:4.0.0"
  checksum: 8a95213a5a77deb6cbe94d86340e8d9ace2b93bc367790b260101d2f36a2eaf4e4e22d9fa9cf459b38af3a32fb4190e638024cf82ec95ef708680e405ea7cc78
  languageName: node
  linkType: hard

"loose-envify@npm:^1.1.0, loose-envify@npm:^1.4.0":
  version: 1.4.0
  resolution: "loose-envify@npm:1.4.0"
  dependencies:
    js-tokens: ^3.0.0 || ^4.0.0
  bin:
    loose-envify: cli.js
  checksum: 6517e24e0cad87ec9888f500c5b5947032cdfe6ef65e1c1936a0c48a524b81e65542c9c3edc91c97d5bddc806ee2a985dbc79be89215d613b1de5db6d1cfe6f4
  languageName: node
  linkType: hard

"memoize-one@npm:^5.0.0":
  version: 5.2.1
  resolution: "memoize-one@npm:5.2.1"
  checksum: a3cba7b824ebcf24cdfcd234aa7f86f3ad6394b8d9be4c96ff756dafb8b51c7f71320785fbc2304f1af48a0467cbbd2a409efc9333025700ed523f254cb52e3d
  languageName: node
  linkType: hard

"object-assign@npm:^4.1.1":
  version: 4.1.1
  resolution: "object-assign@npm:4.1.1"
  checksum: fcc6e4ea8c7fe48abfbb552578b1c53e0d194086e2e6bbbf59e0a536381a292f39943c6e9628af05b5528aa5e3318bb30d6b2e53cadaf5b8fe9e12c4b69af23f
  languageName: node
  linkType: hard

"prop-types@npm:^15.6.0, prop-types@npm:^15.6.2":
  version: 15.7.2
  resolution: "prop-types@npm:15.7.2"
  dependencies:
    loose-envify: ^1.4.0
    object-assign: ^4.1.1
    react-is: ^16.8.1
  checksum: 5eef82fdda64252c7e75aa5c8cc28a24bbdece0f540adb60ce67c205cf978a5bd56b83e4f269f91c6e4dcfd80b36f2a2dec24d362e278913db2086ca9c6f9430
  languageName: node
  linkType: hard

"react-dom@npm:^17.0.2":
  version: 17.0.2
  resolution: "react-dom@npm:17.0.2"
  dependencies:
    loose-envify: ^1.1.0
    object-assign: ^4.1.1
    scheduler: ^0.20.2
  peerDependencies:
    react: 17.0.2
  checksum: 1c1eaa3bca7c7228d24b70932e3d7c99e70d1d04e13bb0843bbf321582bc25d7961d6b8a6978a58a598af2af496d1cedcfb1bf65f6b0960a0a8161cb8dab743c
  languageName: node
  linkType: hard

"react-is@npm:^16.7.0, react-is@npm:^16.8.1":
  version: 16.13.1
  resolution: "react-is@npm:16.13.1"
  checksum: f7a19ac3496de32ca9ae12aa030f00f14a3d45374f1ceca0af707c831b2a6098ef0d6bdae51bd437b0a306d7f01d4677fcc8de7c0d331eb47ad0f46130e53c5f
  languageName: node
  linkType: hard

"react-select-exports-test@workspace:.":
  version: 0.0.0-use.local
  resolution: "react-select-exports-test@workspace:."
  dependencies:
    "@types/react": ^17.0.30
    "@types/react-dom": ^17.0.9
    react: ^17.0.2
    react-dom: ^17.0.2
    react-select: 5.1.0
  languageName: unknown
  linkType: soft

"react-select@npm:5.1.0":
  version: 5.1.0
  resolution: "react-select@npm:5.1.0"
  dependencies:
    "@babel/runtime": ^7.12.0
    "@emotion/cache": ^11.4.0
    "@emotion/react": ^11.1.1
    "@types/react-transition-group": ^4.4.0
    memoize-one: ^5.0.0
    prop-types: ^15.6.0
    react-transition-group: ^4.3.0
  peerDependencies:
    react: ^16.8.0 || ^17.0.0
    react-dom: ^16.8.0 || ^17.0.0
  checksum: b811ec246dc68b2615ed623170ed52c035e239a2c90fdf742c18bed1d1bb1cb4098af1fde0d18ac8d73abaf9126f4030cb0a0f3e96c1c6f998820af5e681b3b5
  languageName: node
  linkType: hard

"react-transition-group@npm:^4.3.0":
  version: 4.4.2
  resolution: "react-transition-group@npm:4.4.2"
  dependencies:
    "@babel/runtime": ^7.5.5
    dom-helpers: ^5.0.1
    loose-envify: ^1.4.0
    prop-types: ^15.6.2
  peerDependencies:
    react: ">=16.6.0"
    react-dom: ">=16.6.0"
  checksum: b67bf5b3e86dbab72d658b9a52a3589e5960583ab28c7c66272427d8fe30d4c7de422d5046ae96bd2683cdf80cc3264b2516f5ce80cae1dbe6cf3ca6dda392c5
  languageName: node
  linkType: hard

"react@npm:^17.0.2":
  version: 17.0.2
  resolution: "react@npm:17.0.2"
  dependencies:
    loose-envify: ^1.1.0
    object-assign: ^4.1.1
  checksum: b254cc17ce3011788330f7bbf383ab653c6848902d7936a87b09d835d091e3f295f7e9dd1597c6daac5dc80f90e778c8230218ba8ad599f74adcc11e33b9d61b
  languageName: node
  linkType: hard

"regenerator-runtime@npm:^0.13.4":
  version: 0.13.9
  resolution: "regenerator-runtime@npm:0.13.9"
  checksum: 65ed455fe5afd799e2897baf691ca21c2772e1a969d19bb0c4695757c2d96249eb74ee3553ea34a91062b2a676beedf630b4c1551cc6299afb937be1426ec55e
  languageName: node
  linkType: hard

"scheduler@npm:^0.20.2":
  version: 0.20.2
  resolution: "scheduler@npm:0.20.2"
  dependencies:
    loose-envify: ^1.1.0
    object-assign: ^4.1.1
  checksum: c4b35cf967c8f0d3e65753252d0f260271f81a81e427241295c5a7b783abf4ea9e905f22f815ab66676f5313be0a25f47be582254db8f9241b259213e999b8fc
  languageName: node
  linkType: hard

"stylis@npm:^4.0.3":
  version: 4.0.10
  resolution: "stylis@npm:4.0.10"
  checksum: 0fecaf5c234ec3ffcb0afc21478742a815a21cb964365259789be9c1692e72e13d8c081c1150fd76ed2146633a3251cdecd6e0c120b158f44bd74c38f81cafb3
  languageName: node
  linkType: hard
